
Microsoft Visual Studio Solution File, Format Version 12.00
# Visual Studio Version 16
VisualStudioVersion = 16.0.31911.196
MinimumVisualStudioVersion = 10.0.40219.1
Project("{FAE04EC0-301F-11D3-BF4B-00C04F79EFBC}") = "ConsoleTestApp", "ConsoleTestApp\ConsoleTestApp.csproj", "{E78E8F7C-F60B-4880-B3E3-1EA183B163AD}"
EndProject
Global
	GlobalSection(SolutionConfigurationPlatforms) = preSolution
		Debug|Any CPU = Debug|Any CPU
		Release|Any CPU = Release|Any CPU
	EndGlobalSection
	GlobalSection(ProjectConfigurationPlatforms) = postSolution
		{E78E8F7C-F60B-4880-B3E3-1EA183B163AD}.Debug|Any CPU.ActiveCfg = Debug|Any CPU
		{E78E8F7C-F60B-4880-B3E3-1EA183B163AD}.Debug|Any CPU.Build.0 = Debug|Any CPU
		{E78E8F7C-F60B-4880-B3E3-1EA183B163AD}.Release|Any CPU.ActiveCfg = Release|Any CPU
		{E78E8F7C-F60B-4880-B3E3-1EA183B163AD}.Release|Any CPU.Build.0 = Release|Any CPU
	EndGlobalSection
	GlobalSection(SolutionProperties) = preSolution
		HideSolutionNode = FALSE
	EndGlobalSection
	GlobalSection(ExtensibilityGlobals) = postSolution
		SolutionGuid = {8F2796E2-E27B-4B68-8B53-FA79CBDEDA3E}
	EndGlobalSection
EndGlobal
