
Microsoft Visual Studio Solution File, Format Version 12.00
# Visual Studio Version 16
VisualStudioVersion = 16.0.32126.315
MinimumVisualStudioVersion = 10.0.40219.1
Project("{FAE04EC0-301F-11D3-BF4B-00C04F79EFBC}") = "HW1_T1", "HW1_T1\HW1_T1.csproj", "{516888B9-E68B-4D8C-8596-4F7B9C865E98}"
EndProject
Global
	GlobalSection(SolutionConfigurationPlatforms) = preSolution
		Debug|Any CPU = Debug|Any CPU
		Release|Any CPU = Release|Any CPU
	EndGlobalSection
	GlobalSection(ProjectConfigurationPlatforms) = postSolution
		{516888B9-E68B-4D8C-8596-4F7B9C865E98}.Debug|Any CPU.ActiveCfg = Debug|Any CPU
		{516888B9-E68B-4D8C-8596-4F7B9C865E98}.Debug|Any CPU.Build.0 = Debug|Any CPU
		{516888B9-E68B-4D8C-8596-4F7B9C865E98}.Release|Any CPU.ActiveCfg = Release|Any CPU
		{516888B9-E68B-4D8C-8596-4F7B9C865E98}.Release|Any CPU.Build.0 = Release|Any CPU
	EndGlobalSection
	GlobalSection(SolutionProperties) = preSolution
		HideSolutionNode = FALSE
	EndGlobalSection
	GlobalSection(ExtensibilityGlobals) = postSolution
		SolutionGuid = {D7EC4030-DB46-417F-B9F9-BC7B1A9A018B}
	EndGlobalSection
EndGlobal
